
Microsoft Visual Studio Solution File, Format Version 12.00
# Visual Studio 15
VisualStudioVersion = 15.0.28307.1062
MinimumVisualStudioVersion = 10.0.40219.1
Project("{9A19103F-16F7-4668-BE54-9A1E7A4F7556}") = "azureStoragesConsoleApp", "azureStoragesConsoleApp\azureStoragesConsoleApp.csproj", "{F758AC75-AD1B-4E28-998D-502D09EA0883}"
EndProject
Global
	GlobalSection(SolutionConfigurationPlatforms) = preSolution
		Debug|Any CPU = Debug|Any CPU
		Release|Any CPU = Release|Any CPU
	EndGlobalSection
	GlobalSection(ProjectConfigurationPlatforms) = postSolution
		{F758AC75-AD1B-4E28-998D-502D09EA0883}.Debug|Any CPU.ActiveCfg = Debug|Any CPU
		{F758AC75-AD1B-4E28-998D-502D09EA0883}.Debug|Any CPU.Build.0 = Debug|Any CPU
		{F758AC75-AD1B-4E28-998D-502D09EA0883}.Release|Any CPU.ActiveCfg = Release|Any CPU
		{F758AC75-AD1B-4E28-998D-502D09EA0883}.Release|Any CPU.Build.0 = Release|Any CPU
	EndGlobalSection
	GlobalSection(SolutionProperties) = preSolution
		HideSolutionNode = FALSE
	EndGlobalSection
	GlobalSection(ExtensibilityGlobals) = postSolution
		SolutionGuid = {CC3032BC-0982-4276-8C17-37E7AE4504C7}
	EndGlobalSection
EndGlobal
